
Microsoft Visual Studio Solution File, Format Version 12.00
# Visual Studio Version 16
VisualStudioVersion = 16.0.28729.10
MinimumVisualStudioVersion = 10.0.40219.1
Project("{2150E333-8FDC-42A3-9474-1A3956D46DE8}") = "src", "src", "{1987061F-8970-4018-8D58-6932961C9EB4}"
EndProject
Project("{2150E333-8FDC-42A3-9474-1A3956D46DE8}") = "tests", "tests", "{7ACC27E8-8FBE-4807-B91F-B89AF3CFF7E0}"
EndProject
Project("{2150E333-8FDC-42A3-9474-1A3956D46DE8}") = "sandbox", "sandbox", "{7682EFFC-681C-4DCC-B5E7-D8449E42DAC9}"
EndProject
Project("{9A19103F-16F7-4668-BE54-9A1E7A4F7556}") = "MagicOnion", "src\MagicOnion\MagicOnion.csproj", "{C79CE0BF-ED4C-47BE-822E-E82CF83FC68A}"
EndProject
Project("{9A19103F-16F7-4668-BE54-9A1E7A4F7556}") = "MagicOnion.HttpGateway", "src\MagicOnion.HttpGateway\MagicOnion.HttpGateway.csproj", "{FCE03661-803E-4629-944F-45DB6B444320}"
EndProject
Project("{9A19103F-16F7-4668-BE54-9A1E7A4F7556}") = "Sandbox.NetCoreServer", "sandbox\Sandbox.NetCoreServer\Sandbox.NetCoreServer.csproj", "{8174DFB5-0C46-440C-A225-C3A9851C2700}"
EndProject
Project("{FAE04EC0-301F-11D3-BF4B-00C04F79EFBC}") = "DynamicCodeDumper", "sandbox\DynamicCodeDumper\DynamicCodeDumper.csproj", "{A2156D81-1A67-4EAC-8A74-3E459385E4A0}"
EndProject
Project("{9A19103F-16F7-4668-BE54-9A1E7A4F7556}") = "MagicOnion.Redis", "src\MagicOnion.Redis\MagicOnion.Redis.csproj", "{5637ED33-7EB8-4C30-94EE-947C58FDE363}"
EndProject
Project("{2150E333-8FDC-42A3-9474-1A3956D46DE8}") = "src_unity", "src_unity", "{5C86A5C9-ECE1-4FB9-B48C-A9DCF9C3FECC}"
EndProject
Project("{FAE04EC0-301F-11D3-BF4B-00C04F79EFBC}") = "Assembly-CSharp", "src\MagicOnion.Client.Unity\Assembly-CSharp.csproj", "{A1DB4A40-10FE-61E7-9ADF-1D16330A9BF3}"
EndProject
Project("{9A19103F-16F7-4668-BE54-9A1E7A4F7556}") = "MagicOnion.Hosting", "src\MagicOnion.Hosting\MagicOnion.Hosting.csproj", "{72B2FD95-57B6-400B-95D0-96E19EBCF44B}"
EndProject
Project("{9A19103F-16F7-4668-BE54-9A1E7A4F7556}") = "MagicOnion.Hosting.Tests", "tests\MagicOnion.Hosting.Tests\MagicOnion.Hosting.Tests.csproj", "{5A381446-409B-4532-8B1A-877D996F7575}"
EndProject
Project("{9A19103F-16F7-4668-BE54-9A1E7A4F7556}") = "MagicOnion.NetCoreTests", "tests\MagicOnion.NetCoreTests\MagicOnion.NetCoreTests.csproj", "{9130778E-4B00-436C-BD1F-1DFDF95AD2CC}"
EndProject
Project("{2150E333-8FDC-42A3-9474-1A3956D46DE8}") = "samples", "samples", "{5A3F5158-7B17-4586-9885-9E60C1393185}"
EndProject
Project("{9A19103F-16F7-4668-BE54-9A1E7A4F7556}") = "ChatApp.Server", "samples\ChatApp\ChatApp.Server\ChatApp.Server.csproj", "{7B7CFF27-CB38-4661-9CFC-473B4E38F0DE}"
EndProject
Project("{9A19103F-16F7-4668-BE54-9A1E7A4F7556}") = "MagicOnion.OpenTelemetry", "src\MagicOnion.OpenTelemetry\MagicOnion.OpenTelemetry.csproj", "{39136B3A-3CD6-42EC-ACFB-4067230D241E}"
EndProject
Project("{2150E333-8FDC-42A3-9474-1A3956D46DE8}") = "docs", "docs", "{15598FE3-201F-4255-9ADA-622B52D2A6ED}"
	ProjectSection(SolutionItems) = preProject
		.editorconfig = .editorconfig
		.gitignore = .gitignore
		.circleci\config.yml = .circleci\config.yml
		LICENSE = LICENSE
		README.md = README.md
	EndProjectSection
EndProject
Project("{9A19103F-16F7-4668-BE54-9A1E7A4F7556}") = "Sandbox.Hosting", "sandbox\Sandbox.Hosting\Sandbox.Hosting.csproj", "{A39D4B33-06FF-413C-8D92-325890B17954}"
EndProject
Project("{9A19103F-16F7-4668-BE54-9A1E7A4F7556}") = "MagicOnion.Abstractions", "src\MagicOnion.Abstractions\MagicOnion.Abstractions.csproj", "{2AD48C05-ED44-4E4F-B86B-A746E7F968A9}"
EndProject
Project("{9A19103F-16F7-4668-BE54-9A1E7A4F7556}") = "MagicOnion.Generator", "src\MagicOnion.Generator\MagicOnion.Generator.csproj", "{963FD601-3CE6-42DE-9FAC-C70D5494FA9B}"
EndProject
Project("{9A19103F-16F7-4668-BE54-9A1E7A4F7556}") = "MagicOnion.GeneratorCore", "src\MagicOnion.GeneratorCore\MagicOnion.GeneratorCore.csproj", "{EE768243-100A-4075-8823-C49EA086680A}"
EndProject
Project("{9A19103F-16F7-4668-BE54-9A1E7A4F7556}") = "MagicOnion.MSBuild.Tasks", "src\MagicOnion.MSBuild.Tasks\MagicOnion.MSBuild.Tasks.csproj", "{56C42B86-138C-413B-805A-30D07566660A}"
EndProject
Project("{2150E333-8FDC-42A3-9474-1A3956D46DE8}") = "build", "build", "{42EBB7E4-52D7-4E57-80AD-79FDD4900E13}"
	ProjectSection(SolutionItems) = preProject
		Directory.Build.props = Directory.Build.props
	EndProjectSection
EndProject
Project("{9A19103F-16F7-4668-BE54-9A1E7A4F7556}") = "ChatApp.Shared", "samples\ChatApp\ChatApp.Shared\ChatApp.Shared.csproj", "{5CDEE44D-8AC2-4E7C-90CC-669E336F2D15}"
EndProject
Project("{9A19103F-16F7-4668-BE54-9A1E7A4F7556}") = "MagicOnion.Server.Authentication", "src\MagicOnion.Server.Authentication\MagicOnion.Server.Authentication.csproj", "{8937CACA-862F-4B42-8AFF-EF4747792E8F}"
EndProject
Project("{2150E333-8FDC-42A3-9474-1A3956D46DE8}") = "ChatApp", "ChatApp", "{FEE2B9AB-A1D0-41BA-A172-FC95935542DF}"
EndProject
Project("{2150E333-8FDC-42A3-9474-1A3956D46DE8}") = "JwtAuthentication", "JwtAuthentication", "{EBF51D3A-A093-4177-865A-D17F816EDEF5}"
EndProject
Project("{9A19103F-16F7-4668-BE54-9A1E7A4F7556}") = "JwtAuthApp.Shared", "samples\JwtAuthentication\JwtAuthApp.Shared\JwtAuthApp.Shared.csproj", "{93BC9FC7-D157-4541-A05E-C56D31B2F2BC}"
EndProject
Project("{9A19103F-16F7-4668-BE54-9A1E7A4F7556}") = "JwtAuthApp.Server", "samples\JwtAuthentication\JwtAuthApp.Server\JwtAuthApp.Server.csproj", "{38B41013-6FD3-4E99-A7A9-0DBAC0CAF6F5}"
EndProject
Project("{9A19103F-16F7-4668-BE54-9A1E7A4F7556}") = "JwtAuthApp.Client", "samples\JwtAuthentication\JwtAuthApp.Client\JwtAuthApp.Client.csproj", "{5948D82F-EA56-4266-8718-7508C26BFFD4}"
EndProject
Project("{9A19103F-16F7-4668-BE54-9A1E7A4F7556}") = "ChatApp.Server.TelemetryNew", "samples\ChatApp\ChatApp.Server.TelemetryNew\ChatApp.Server.TelemetryNew.csproj", "{328AAC97-B2A8-4EEC-8C3C-61E72ABD9F4E}"
EndProject
Project("{9A19103F-16F7-4668-BE54-9A1E7A4F7556}") = "ChatApp.Server.Telemetry", "samples\ChatApp\ChatApp.Server.Telemetry\ChatApp.Server.Telemetry.csproj", "{59C571F4-DC3E-4BD4-BA0F-4B353C545A4B}"
EndProject
Global
	GlobalSection(SolutionConfigurationPlatforms) = preSolution
		Debug|Any CPU = Debug|Any CPU
		Release|Any CPU = Release|Any CPU
	EndGlobalSection
	GlobalSection(ProjectConfigurationPlatforms) = postSolution
		{C79CE0BF-ED4C-47BE-822E-E82CF83FC68A}.Debug|Any CPU.ActiveCfg = Debug|Any CPU
		{C79CE0BF-ED4C-47BE-822E-E82CF83FC68A}.Debug|Any CPU.Build.0 = Debug|Any CPU
		{C79CE0BF-ED4C-47BE-822E-E82CF83FC68A}.Release|Any CPU.ActiveCfg = Release|Any CPU
		{C79CE0BF-ED4C-47BE-822E-E82CF83FC68A}.Release|Any CPU.Build.0 = Release|Any CPU
		{FCE03661-803E-4629-944F-45DB6B444320}.Debug|Any CPU.ActiveCfg = Debug|Any CPU
		{FCE03661-803E-4629-944F-45DB6B444320}.Debug|Any CPU.Build.0 = Debug|Any CPU
		{FCE03661-803E-4629-944F-45DB6B444320}.Release|Any CPU.ActiveCfg = Release|Any CPU
		{FCE03661-803E-4629-944F-45DB6B444320}.Release|Any CPU.Build.0 = Release|Any CPU
		{8174DFB5-0C46-440C-A225-C3A9851C2700}.Debug|Any CPU.ActiveCfg = Debug|Any CPU
		{8174DFB5-0C46-440C-A225-C3A9851C2700}.Debug|Any CPU.Build.0 = Debug|Any CPU
		{8174DFB5-0C46-440C-A225-C3A9851C2700}.Release|Any CPU.ActiveCfg = Release|Any CPU
		{8174DFB5-0C46-440C-A225-C3A9851C2700}.Release|Any CPU.Build.0 = Release|Any CPU
		{A2156D81-1A67-4EAC-8A74-3E459385E4A0}.Debug|Any CPU.ActiveCfg = Debug|Any CPU
		{A2156D81-1A67-4EAC-8A74-3E459385E4A0}.Debug|Any CPU.Build.0 = Debug|Any CPU
		{A2156D81-1A67-4EAC-8A74-3E459385E4A0}.Release|Any CPU.ActiveCfg = Release|Any CPU
		{A2156D81-1A67-4EAC-8A74-3E459385E4A0}.Release|Any CPU.Build.0 = Release|Any CPU
		{5637ED33-7EB8-4C30-94EE-947C58FDE363}.Debug|Any CPU.ActiveCfg = Debug|Any CPU
		{5637ED33-7EB8-4C30-94EE-947C58FDE363}.Debug|Any CPU.Build.0 = Debug|Any CPU
		{5637ED33-7EB8-4C30-94EE-947C58FDE363}.Release|Any CPU.ActiveCfg = Release|Any CPU
		{5637ED33-7EB8-4C30-94EE-947C58FDE363}.Release|Any CPU.Build.0 = Release|Any CPU
		{A1DB4A40-10FE-61E7-9ADF-1D16330A9BF3}.Debug|Any CPU.ActiveCfg = Debug|Any CPU
		{A1DB4A40-10FE-61E7-9ADF-1D16330A9BF3}.Debug|Any CPU.Build.0 = Debug|Any CPU
		{A1DB4A40-10FE-61E7-9ADF-1D16330A9BF3}.Release|Any CPU.ActiveCfg = Release|Any CPU
		{A1DB4A40-10FE-61E7-9ADF-1D16330A9BF3}.Release|Any CPU.Build.0 = Release|Any CPU
		{72B2FD95-57B6-400B-95D0-96E19EBCF44B}.Debug|Any CPU.ActiveCfg = Debug|Any CPU
		{72B2FD95-57B6-400B-95D0-96E19EBCF44B}.Debug|Any CPU.Build.0 = Debug|Any CPU
		{72B2FD95-57B6-400B-95D0-96E19EBCF44B}.Release|Any CPU.ActiveCfg = Release|Any CPU
		{72B2FD95-57B6-400B-95D0-96E19EBCF44B}.Release|Any CPU.Build.0 = Release|Any CPU
		{5A381446-409B-4532-8B1A-877D996F7575}.Debug|Any CPU.ActiveCfg = Debug|Any CPU
		{5A381446-409B-4532-8B1A-877D996F7575}.Debug|Any CPU.Build.0 = Debug|Any CPU
		{5A381446-409B-4532-8B1A-877D996F7575}.Release|Any CPU.ActiveCfg = Release|Any CPU
		{5A381446-409B-4532-8B1A-877D996F7575}.Release|Any CPU.Build.0 = Release|Any CPU
		{9130778E-4B00-436C-BD1F-1DFDF95AD2CC}.Debug|Any CPU.ActiveCfg = Debug|Any CPU
		{9130778E-4B00-436C-BD1F-1DFDF95AD2CC}.Debug|Any CPU.Build.0 = Debug|Any CPU
		{9130778E-4B00-436C-BD1F-1DFDF95AD2CC}.Release|Any CPU.ActiveCfg = Release|Any CPU
		{9130778E-4B00-436C-BD1F-1DFDF95AD2CC}.Release|Any CPU.Build.0 = Release|Any CPU
		{7B7CFF27-CB38-4661-9CFC-473B4E38F0DE}.Debug|Any CPU.ActiveCfg = Debug|Any CPU
		{7B7CFF27-CB38-4661-9CFC-473B4E38F0DE}.Debug|Any CPU.Build.0 = Debug|Any CPU
		{7B7CFF27-CB38-4661-9CFC-473B4E38F0DE}.Release|Any CPU.ActiveCfg = Release|Any CPU
		{7B7CFF27-CB38-4661-9CFC-473B4E38F0DE}.Release|Any CPU.Build.0 = Release|Any CPU
		{39136B3A-3CD6-42EC-ACFB-4067230D241E}.Debug|Any CPU.ActiveCfg = Debug|Any CPU
		{39136B3A-3CD6-42EC-ACFB-4067230D241E}.Debug|Any CPU.Build.0 = Debug|Any CPU
		{39136B3A-3CD6-42EC-ACFB-4067230D241E}.Release|Any CPU.ActiveCfg = Release|Any CPU
		{39136B3A-3CD6-42EC-ACFB-4067230D241E}.Release|Any CPU.Build.0 = Release|Any CPU
		{A39D4B33-06FF-413C-8D92-325890B17954}.Debug|Any CPU.ActiveCfg = Debug|Any CPU
		{A39D4B33-06FF-413C-8D92-325890B17954}.Debug|Any CPU.Build.0 = Debug|Any CPU
		{A39D4B33-06FF-413C-8D92-325890B17954}.Release|Any CPU.ActiveCfg = Release|Any CPU
		{A39D4B33-06FF-413C-8D92-325890B17954}.Release|Any CPU.Build.0 = Release|Any CPU
		{2AD48C05-ED44-4E4F-B86B-A746E7F968A9}.Debug|Any CPU.ActiveCfg = Debug|Any CPU
		{2AD48C05-ED44-4E4F-B86B-A746E7F968A9}.Debug|Any CPU.Build.0 = Debug|Any CPU
		{2AD48C05-ED44-4E4F-B86B-A746E7F968A9}.Release|Any CPU.ActiveCfg = Release|Any CPU
		{2AD48C05-ED44-4E4F-B86B-A746E7F968A9}.Release|Any CPU.Build.0 = Release|Any CPU
		{963FD601-3CE6-42DE-9FAC-C70D5494FA9B}.Debug|Any CPU.ActiveCfg = Debug|Any CPU
		{963FD601-3CE6-42DE-9FAC-C70D5494FA9B}.Debug|Any CPU.Build.0 = Debug|Any CPU
		{963FD601-3CE6-42DE-9FAC-C70D5494FA9B}.Release|Any CPU.ActiveCfg = Release|Any CPU
		{963FD601-3CE6-42DE-9FAC-C70D5494FA9B}.Release|Any CPU.Build.0 = Release|Any CPU
		{EE768243-100A-4075-8823-C49EA086680A}.Debug|Any CPU.ActiveCfg = Debug|Any CPU
		{EE768243-100A-4075-8823-C49EA086680A}.Debug|Any CPU.Build.0 = Debug|Any CPU
		{EE768243-100A-4075-8823-C49EA086680A}.Release|Any CPU.ActiveCfg = Release|Any CPU
		{EE768243-100A-4075-8823-C49EA086680A}.Release|Any CPU.Build.0 = Release|Any CPU
		{56C42B86-138C-413B-805A-30D07566660A}.Debug|Any CPU.ActiveCfg = Debug|Any CPU
		{56C42B86-138C-413B-805A-30D07566660A}.Debug|Any CPU.Build.0 = Debug|Any CPU
		{56C42B86-138C-413B-805A-30D07566660A}.Release|Any CPU.ActiveCfg = Release|Any CPU
		{56C42B86-138C-413B-805A-30D07566660A}.Release|Any CPU.Build.0 = Release|Any CPU
		{5CDEE44D-8AC2-4E7C-90CC-669E336F2D15}.Debug|Any CPU.ActiveCfg = Debug|Any CPU
		{5CDEE44D-8AC2-4E7C-90CC-669E336F2D15}.Debug|Any CPU.Build.0 = Debug|Any CPU
		{5CDEE44D-8AC2-4E7C-90CC-669E336F2D15}.Release|Any CPU.ActiveCfg = Release|Any CPU
		{5CDEE44D-8AC2-4E7C-90CC-669E336F2D15}.Release|Any CPU.Build.0 = Release|Any CPU
		{8937CACA-862F-4B42-8AFF-EF4747792E8F}.Debug|Any CPU.ActiveCfg = Debug|Any CPU
		{8937CACA-862F-4B42-8AFF-EF4747792E8F}.Debug|Any CPU.Build.0 = Debug|Any CPU
		{8937CACA-862F-4B42-8AFF-EF4747792E8F}.Release|Any CPU.ActiveCfg = Release|Any CPU
		{8937CACA-862F-4B42-8AFF-EF4747792E8F}.Release|Any CPU.Build.0 = Release|Any CPU
		{93BC9FC7-D157-4541-A05E-C56D31B2F2BC}.Debug|Any CPU.ActiveCfg = Debug|Any CPU
		{93BC9FC7-D157-4541-A05E-C56D31B2F2BC}.Debug|Any CPU.Build.0 = Debug|Any CPU
		{93BC9FC7-D157-4541-A05E-C56D31B2F2BC}.Release|Any CPU.ActiveCfg = Release|Any CPU
		{93BC9FC7-D157-4541-A05E-C56D31B2F2BC}.Release|Any CPU.Build.0 = Release|Any CPU
		{38B41013-6FD3-4E99-A7A9-0DBAC0CAF6F5}.Debug|Any CPU.ActiveCfg = Debug|Any CPU
		{38B41013-6FD3-4E99-A7A9-0DBAC0CAF6F5}.Debug|Any CPU.Build.0 = Debug|Any CPU
		{38B41013-6FD3-4E99-A7A9-0DBAC0CAF6F5}.Release|Any CPU.ActiveCfg = Release|Any CPU
		{38B41013-6FD3-4E99-A7A9-0DBAC0CAF6F5}.Release|Any CPU.Build.0 = Release|Any CPU
		{5948D82F-EA56-4266-8718-7508C26BFFD4}.Debug|Any CPU.ActiveCfg = Debug|Any CPU
		{5948D82F-EA56-4266-8718-7508C26BFFD4}.Debug|Any CPU.Build.0 = Debug|Any CPU
		{5948D82F-EA56-4266-8718-7508C26BFFD4}.Release|Any CPU.ActiveCfg = Release|Any CPU
		{5948D82F-EA56-4266-8718-7508C26BFFD4}.Release|Any CPU.Build.0 = Release|Any CPU
		{328AAC97-B2A8-4EEC-8C3C-61E72ABD9F4E}.Debug|Any CPU.ActiveCfg = Debug|Any CPU
		{328AAC97-B2A8-4EEC-8C3C-61E72ABD9F4E}.Debug|Any CPU.Build.0 = Debug|Any CPU
		{328AAC97-B2A8-4EEC-8C3C-61E72ABD9F4E}.Release|Any CPU.ActiveCfg = Release|Any CPU
		{328AAC97-B2A8-4EEC-8C3C-61E72ABD9F4E}.Release|Any CPU.Build.0 = Release|Any CPU
		{59C571F4-DC3E-4BD4-BA0F-4B353C545A4B}.Debug|Any CPU.ActiveCfg = Debug|Any CPU
		{59C571F4-DC3E-4BD4-BA0F-4B353C545A4B}.Debug|Any CPU.Build.0 = Debug|Any CPU
		{59C571F4-DC3E-4BD4-BA0F-4B353C545A4B}.Release|Any CPU.ActiveCfg = Release|Any CPU
		{59C571F4-DC3E-4BD4-BA0F-4B353C545A4B}.Release|Any CPU.Build.0 = Release|Any CPU
	EndGlobalSection
	GlobalSection(SolutionProperties) = preSolution
		HideSolutionNode = FALSE
	EndGlobalSection
	GlobalSection(NestedProjects) = preSolution
		{C79CE0BF-ED4C-47BE-822E-E82CF83FC68A} = {1987061F-8970-4018-8D58-6932961C9EB4}
		{FCE03661-803E-4629-944F-45DB6B444320} = {1987061F-8970-4018-8D58-6932961C9EB4}
		{8174DFB5-0C46-440C-A225-C3A9851C2700} = {7682EFFC-681C-4DCC-B5E7-D8449E42DAC9}
		{A2156D81-1A67-4EAC-8A74-3E459385E4A0} = {7682EFFC-681C-4DCC-B5E7-D8449E42DAC9}
		{5637ED33-7EB8-4C30-94EE-947C58FDE363} = {1987061F-8970-4018-8D58-6932961C9EB4}
		{A1DB4A40-10FE-61E7-9ADF-1D16330A9BF3} = {5C86A5C9-ECE1-4FB9-B48C-A9DCF9C3FECC}
		{72B2FD95-57B6-400B-95D0-96E19EBCF44B} = {1987061F-8970-4018-8D58-6932961C9EB4}
		{5A381446-409B-4532-8B1A-877D996F7575} = {7ACC27E8-8FBE-4807-B91F-B89AF3CFF7E0}
		{9130778E-4B00-436C-BD1F-1DFDF95AD2CC} = {7ACC27E8-8FBE-4807-B91F-B89AF3CFF7E0}
		{7B7CFF27-CB38-4661-9CFC-473B4E38F0DE} = {FEE2B9AB-A1D0-41BA-A172-FC95935542DF}
		{39136B3A-3CD6-42EC-ACFB-4067230D241E} = {1987061F-8970-4018-8D58-6932961C9EB4}
		{A39D4B33-06FF-413C-8D92-325890B17954} = {7682EFFC-681C-4DCC-B5E7-D8449E42DAC9}
		{2AD48C05-ED44-4E4F-B86B-A746E7F968A9} = {1987061F-8970-4018-8D58-6932961C9EB4}
		{963FD601-3CE6-42DE-9FAC-C70D5494FA9B} = {1987061F-8970-4018-8D58-6932961C9EB4}
		{EE768243-100A-4075-8823-C49EA086680A} = {1987061F-8970-4018-8D58-6932961C9EB4}
		{56C42B86-138C-413B-805A-30D07566660A} = {1987061F-8970-4018-8D58-6932961C9EB4}
		{5CDEE44D-8AC2-4E7C-90CC-669E336F2D15} = {FEE2B9AB-A1D0-41BA-A172-FC95935542DF}
		{8937CACA-862F-4B42-8AFF-EF4747792E8F} = {1987061F-8970-4018-8D58-6932961C9EB4}
		{FEE2B9AB-A1D0-41BA-A172-FC95935542DF} = {5A3F5158-7B17-4586-9885-9E60C1393185}
		{EBF51D3A-A093-4177-865A-D17F816EDEF5} = {5A3F5158-7B17-4586-9885-9E60C1393185}
		{93BC9FC7-D157-4541-A05E-C56D31B2F2BC} = {EBF51D3A-A093-4177-865A-D17F816EDEF5}
		{38B41013-6FD3-4E99-A7A9-0DBAC0CAF6F5} = {EBF51D3A-A093-4177-865A-D17F816EDEF5}
		{5948D82F-EA56-4266-8718-7508C26BFFD4} = {EBF51D3A-A093-4177-865A-D17F816EDEF5}
		{328AAC97-B2A8-4EEC-8C3C-61E72ABD9F4E} = {FEE2B9AB-A1D0-41BA-A172-FC95935542DF}
		{59C571F4-DC3E-4BD4-BA0F-4B353C545A4B} = {FEE2B9AB-A1D0-41BA-A172-FC95935542DF}
	EndGlobalSection
	GlobalSection(ExtensibilityGlobals) = postSolution
		SolutionGuid = {D5B2E7E3-B727-40A1-BE68-7BAC9B9DE2FE}
	EndGlobalSection
EndGlobal
