
Microsoft Visual Studio Solution File, Format Version 12.00
# Visual Studio Version 16
VisualStudioVersion = 16.0.28729.10
MinimumVisualStudioVersion = 10.0.40219.1
Project("{FAE04EC0-301F-11D3-BF4B-00C04F79EFBC}") = "Assembly-CSharp", "Assembly-CSharp.csproj", "{1E7138DC-D3E2-51A8-4059-67524470B2E7}"
EndProject
Project("{D954291E-2A0B-460D-934E-DC6B0785DB48}") = "ChatApp.Shared", "..\ChatApp.Shared\ChatApp.Shared.shproj", "{1DF36A25-11D3-41A2-BA3A-27502AB88D6A}"
EndProject
Project("{FAE04EC0-301F-11D3-BF4B-00C04F79EFBC}") = "ChatApp.Unity.Library", "..\ChatApp.Unity.Library\ChatApp.Unity.Library.csproj", "{C64C3A37-6C33-4F31-9554-44FC9D38F54E}"
EndProject
Project("{9A19103F-16F7-4668-BE54-9A1E7A4F7556}") = "ChatApp.Server", "..\ChatApp.Server\ChatApp.Server.csproj", "{4865829C-ECFF-4320-9D71-4562C7674F5C}"
EndProject
Global
	GlobalSection(SharedMSBuildProjectFiles) = preSolution
		..\ChatApp.Shared\ChatApp.Shared.projitems*{1df36a25-11d3-41a2-ba3a-27502ab88d6a}*SharedItemsImports = 13
		..\ChatApp.Shared\ChatApp.Shared.projitems*{c64c3a37-6c33-4f31-9554-44fc9d38f54e}*SharedItemsImports = 4
	EndGlobalSection
	GlobalSection(SolutionConfigurationPlatforms) = preSolution
		Debug|Any CPU = Debug|Any CPU
		Release|Any CPU = Release|Any CPU
	EndGlobalSection
	GlobalSection(ProjectConfigurationPlatforms) = postSolution
		{1E7138DC-D3E2-51A8-4059-67524470B2E7}.Debug|Any CPU.ActiveCfg = Debug|Any CPU
		{1E7138DC-D3E2-51A8-4059-67524470B2E7}.Debug|Any CPU.Build.0 = Debug|Any CPU
		{1E7138DC-D3E2-51A8-4059-67524470B2E7}.Release|Any CPU.ActiveCfg = Release|Any CPU
		{1E7138DC-D3E2-51A8-4059-67524470B2E7}.Release|Any CPU.Build.0 = Release|Any CPU
		{1DF36A25-11D3-41A2-BA3A-27502AB88D6A}.Debug|Any CPU.ActiveCfg = Debug|Any CPU
		{1DF36A25-11D3-41A2-BA3A-27502AB88D6A}.Debug|Any CPU.Build.0 = Debug|Any CPU
		{1DF36A25-11D3-41A2-BA3A-27502AB88D6A}.Release|Any CPU.ActiveCfg = Release|Any CPU
		{1DF36A25-11D3-41A2-BA3A-27502AB88D6A}.Release|Any CPU.Build.0 = Release|Any CPU
		{C64C3A37-6C33-4F31-9554-44FC9D38F54E}.Debug|Any CPU.ActiveCfg = Debug|Any CPU
		{C64C3A37-6C33-4F31-9554-44FC9D38F54E}.Debug|Any CPU.Build.0 = Debug|Any CPU
		{C64C3A37-6C33-4F31-9554-44FC9D38F54E}.Release|Any CPU.ActiveCfg = Release|Any CPU
		{C64C3A37-6C33-4F31-9554-44FC9D38F54E}.Release|Any CPU.Build.0 = Release|Any CPU
		{4865829C-ECFF-4320-9D71-4562C7674F5C}.Debug|Any CPU.ActiveCfg = Debug|Any CPU
		{4865829C-ECFF-4320-9D71-4562C7674F5C}.Debug|Any CPU.Build.0 = Debug|Any CPU
		{4865829C-ECFF-4320-9D71-4562C7674F5C}.Release|Any CPU.ActiveCfg = Release|Any CPU
		{4865829C-ECFF-4320-9D71-4562C7674F5C}.Release|Any CPU.Build.0 = Release|Any CPU
	EndGlobalSection
	GlobalSection(SolutionProperties) = preSolution
		HideSolutionNode = FALSE
	EndGlobalSection
	GlobalSection(ExtensibilityGlobals) = postSolution
		SolutionGuid = {750FE934-ED01-41F1-94E5-9F2980B90F8F}
	EndGlobalSection
EndGlobal
