
Microsoft Visual Studio Solution File, Format Version 12.00
# Visual Studio 16
Project("{FAE04EC0-301F-11D3-BF4B-00C04F79EFBC}") = "Assembly-CSharp", "Assembly-CSharp.csproj", "{1E7138DC-D3E2-51A8-4059-67524470B2E7}"
EndProject
Project("{FAE04EC0-301F-11D3-BF4B-00C04F79EFBC}") = "Assembly-CSharp-Editor", "Assembly-CSharp-Editor.csproj", "{A94A546A-4413-A73D-F517-3C1A7CCFE662}"
EndProject
Project("{9A19103F-16F7-4668-BE54-9A1E7A4F7556}") = "ChatApp.Server", "..\ChatApp.Server\ChatApp.Server.csproj", "{4865829C-ECFF-4320-9D71-4562C7674F5C}"
EndProject
Global
	GlobalSection(SolutionConfigurationPlatforms) = preSolution
		Debug|Any CPU = Debug|Any CPU
		Release|Any CPU = Release|Any CPU
	EndGlobalSection
	GlobalSection(ProjectConfigurationPlatforms) = postSolution
		{1E7138DC-D3E2-51A8-4059-67524470B2E7}.Debug|Any CPU.ActiveCfg = Debug|Any CPU
		{1E7138DC-D3E2-51A8-4059-67524470B2E7}.Debug|Any CPU.Build.0 = Debug|Any CPU
		{1E7138DC-D3E2-51A8-4059-67524470B2E7}.Release|Any CPU.ActiveCfg = Release|Any CPU
		{1E7138DC-D3E2-51A8-4059-67524470B2E7}.Release|Any CPU.Build.0 = Release|Any CPU
		{A94A546A-4413-A73D-F517-3C1A7CCFE662}.Debug|Any CPU.ActiveCfg = Debug|Any CPU
		{A94A546A-4413-A73D-F517-3C1A7CCFE662}.Debug|Any CPU.Build.0 = Debug|Any CPU
		{A94A546A-4413-A73D-F517-3C1A7CCFE662}.Release|Any CPU.ActiveCfg = Release|Any CPU
		{A94A546A-4413-A73D-F517-3C1A7CCFE662}.Release|Any CPU.Build.0 = Release|Any CPU
		{4865829C-ECFF-4320-9D71-4562C7674F5C}.Debug|Any CPU.ActiveCfg = Debug|Any CPU
		{4865829C-ECFF-4320-9D71-4562C7674F5C}.Debug|Any CPU.Build.0 = Debug|Any CPU
		{4865829C-ECFF-4320-9D71-4562C7674F5C}.Release|Any CPU.ActiveCfg = Release|Any CPU
		{4865829C-ECFF-4320-9D71-4562C7674F5C}.Release|Any CPU.Build.0 = Release|Any CPU
	EndGlobalSection
	GlobalSection(SolutionProperties) = preSolution
		HideSolutionNode = FALSE
	EndGlobalSection
EndGlobal
